PODS:
  - Flutter (1.0.0)
  - flutter_validate_unicode (0.0.1):
    - Flutter

DEPENDENCIES:
  - Flutter (from `Flutter`)
  - flutter_validate_unicode (from `.symlinks/plugins/flutter_validate_unicode/ios`)

EXTERNAL SOURCES:
  Flutter:
    :path: Flutter
  flutter_validate_unicode:
    :path: ".symlinks/plugins/flutter_validate_unicode/ios"

SPEC CHECKSUMS:
  Flutter: 0e3d915762c693b495b44d77113d4970485de6ec
  flutter_validate_unicode: 44f60f7eccd1cdf496a40f7197bf6bacc5411e9b

PODFILE CHECKSUM: c34e2287a9ccaa606aeceab922830efb9a6ff69a

COCOAPODS: 1.8.4
